
Microsoft Visual Studio Solution File, Format Version 12.00
# Visual Studio Version 16
VisualStudioVersion = 16.0.31911.196
MinimumVisualStudioVersion = 10.0.40219.1
Project("{FAE04EC0-301F-11D3-BF4B-00C04F79EFBC}") = "ProjectMgmtSystem", "ProjectMgmtSystem\ProjectMgmtSystem.csproj", "{49EFC3E7-DB5A-42B4-9770-4BCDA99F24CA}"
EndProject
Global
	GlobalSection(SolutionConfigurationPlatforms) = preSolution
		Debug|Any CPU = Debug|Any CPU
		Release|Any CPU = Release|Any CPU
	EndGlobalSection
	GlobalSection(ProjectConfigurationPlatforms) = postSolution
		{49EFC3E7-DB5A-42B4-9770-4BCDA99F24CA}.Debug|Any CPU.ActiveCfg = Debug|Any CPU
		{49EFC3E7-DB5A-42B4-9770-4BCDA99F24CA}.Debug|Any CPU.Build.0 = Debug|Any CPU
		{49EFC3E7-DB5A-42B4-9770-4BCDA99F24CA}.Release|Any CPU.ActiveCfg = Release|Any CPU
		{49EFC3E7-DB5A-42B4-9770-4BCDA99F24CA}.Release|Any CPU.Build.0 = Release|Any CPU
	EndGlobalSection
	GlobalSection(SolutionProperties) = preSolution
		HideSolutionNode = FALSE
	EndGlobalSection
	GlobalSection(ExtensibilityGlobals) = postSolution
		SolutionGuid = {DA5A0A2D-4595-43D5-80F3-394A17FAF85A}
	EndGlobalSection
EndGlobal
